Microsoft Visual Studio Solution File, Format Version 11.00
# Visual Studio 2008

Project("{D4A67BB4-B189-CF75-90A9-715ADBDF8990}") = "shakachallenge3", "Assembly-CSharp.csproj", "{A1211B23-BC4B-5D5B-1226-9FB62A4D64DF}"
EndProject
Global
	GlobalSection(SolutionConfigurationPlatforms) = preSolution
		Debug|Any CPU = Debug|Any CPU
		Release|Any CPU = Release|Any CPU
	EndGlobalSection
	GlobalSection(ProjectConfigurationPlatforms) = postSolution
		{A1211B23-BC4B-5D5B-1226-9FB62A4D64DF}.Debug|Any CPU.ActiveCfg = Debug|Any CPU
		{A1211B23-BC4B-5D5B-1226-9FB62A4D64DF}.Debug|Any CPU.Build.0 = Debug|Any CPU
		{A1211B23-BC4B-5D5B-1226-9FB62A4D64DF}.Release|Any CPU.ActiveCfg = Release|Any CPU
		{A1211B23-BC4B-5D5B-1226-9FB62A4D64DF}.Release|Any CPU.Build.0 = Release|Any CPU
	EndGlobalSection
	GlobalSection(SolutionProperties) = preSolution
		HideSolutionNode = FALSE
	EndGlobalSection
	GlobalSection(MonoDevelopProperties) = preSolution
		StartupItem = Assembly-CSharp.csproj
	EndGlobalSection
EndGlobal
